
Microsoft Visual Studio Solution File, Format Version 12.00
Project("{FAE04EC0-301F-11D3-BF4B-00C04F79EFBC}") = "KitchenHell.Api", "src\KitchenHell.Api\KitchenHell.Api.csproj", "{D88D2B72-9652-4809-B57F-2BD0D7F1D35E}"
EndProject
Project("{2150E333-8FDC-42A3-9474-1A3956D46DE8}") = "solution", "solution", "{5D935BA3-CE4F-4B00-A6F0-D8FC08B35DCB}"
	ProjectSection(SolutionItems) = preProject
		Directory.Build.props = Directory.Build.props
		NuGet.Config = NuGet.Config
		global.json = global.json
		Directory.Packages.props = Directory.Packages.props
		README.md = README.md
		NOTES.md = NOTES.md
	EndProjectSection
EndProject
Project("{2150E333-8FDC-42A3-9474-1A3956D46DE8}") = "src", "src", "{36A88B30-230D-4338-9139-5F11A1A20FBF}"
EndProject
Project("{FAE04EC0-301F-11D3-BF4B-00C04F79EFBC}") = "KitchenHell.Persistence.Orders", "src\KitchenHell.Persistence.Orders\KitchenHell.Persistence.Orders.csproj", "{5509C7B4-9493-4451-AA0B-F6FEF80FC407}"
EndProject
Project("{2150E333-8FDC-42A3-9474-1A3956D46DE8}") = "compose", "compose", "{C4C69B62-E5EB-4767-80F2-24DDC534E278}"
	ProjectSection(SolutionItems) = preProject
		compose\docker-compose.yml = compose\docker-compose.yml
		compose\init.sql = compose\init.sql
		compose\gates.entrypoint.sh = compose\gates.entrypoint.sh
		compose\database-dummy-data.entrypoint.sql = compose\database-dummy-data.entrypoint.sql
		compose\database-dummy-data.entrypoint.sh = compose\database-dummy-data.entrypoint.sh
	EndProjectSection
EndProject
Project("{FAE04EC0-301F-11D3-BF4B-00C04F79EFBC}") = "KitchenHell.Persistence.Restaurants", "src\KitchenHell.Persistence.Restaurants\KitchenHell.Persistence.Restaurants.csproj", "{22F729EF-0FD6-459E-AB91-02795C088353}"
EndProject
Project("{2150E333-8FDC-42A3-9474-1A3956D46DE8}") = "common", "common", "{7EA063B0-8CA5-4AF5-8C13-83DDCF194103}"
EndProject
Project("{FAE04EC0-301F-11D3-BF4B-00C04F79EFBC}") = "KitchenHell.Common.GrpcServices", "src\KitchenHell.Common.GrpcServices\KitchenHell.Common.GrpcServices.csproj", "{A7E41378-009D-4D57-8785-7B8847E18633}"
EndProject
Project("{FAE04EC0-301F-11D3-BF4B-00C04F79EFBC}") = "KitchenHell.Common.Web", "src\KitchenHell.Common.Web\KitchenHell.Common.Web.csproj", "{6D8EC475-89BE-4AC1-B068-18672606E971}"
EndProject
Project("{FAE04EC0-301F-11D3-BF4B-00C04F79EFBC}") = "KitchenHell.Business", "src\KitchenHell.Business\KitchenHell.Business.csproj", "{280B3445-2512-4A2E-9960-15EEA7119B03}"
EndProject
Project("{FAE04EC0-301F-11D3-BF4B-00C04F79EFBC}") = "KitchenHell.Messaging", "src\KitchenHell.Messaging\KitchenHell.Messaging.csproj", "{8775D679-E571-42FE-9634-432B791008A3}"
EndProject
Project("{FAE04EC0-301F-11D3-BF4B-00C04F79EFBC}") = "KitchenHell.Messaging.Kafka", "src\KitchenHell.Messaging.Kafka\KitchenHell.Messaging.Kafka.csproj", "{E244A410-6A38-4F7D-832C-6DC03F9A4872}"
EndProject
Project("{FAE04EC0-301F-11D3-BF4B-00C04F79EFBC}") = "KitchenHell.Messaging.Kafka.Generators", "src\KitchenHell.Messaging.Kafka.Generators\KitchenHell.Messaging.Kafka.Generators.csproj", "{04F50B5F-67E2-49B8-8963-EF5BB7ABD5DD}"
EndProject
Global
	GlobalSection(SolutionConfigurationPlatforms) = preSolution
		Debug|Any CPU = Debug|Any CPU
		Release|Any CPU = Release|Any CPU
	EndGlobalSection
	GlobalSection(ProjectConfigurationPlatforms) = postSolution
		{D88D2B72-9652-4809-B57F-2BD0D7F1D35E}.Debug|Any CPU.ActiveCfg = Debug|Any CPU
		{D88D2B72-9652-4809-B57F-2BD0D7F1D35E}.Debug|Any CPU.Build.0 = Debug|Any CPU
		{D88D2B72-9652-4809-B57F-2BD0D7F1D35E}.Release|Any CPU.ActiveCfg = Release|Any CPU
		{D88D2B72-9652-4809-B57F-2BD0D7F1D35E}.Release|Any CPU.Build.0 = Release|Any CPU
		{5509C7B4-9493-4451-AA0B-F6FEF80FC407}.Debug|Any CPU.ActiveCfg = Debug|Any CPU
		{5509C7B4-9493-4451-AA0B-F6FEF80FC407}.Debug|Any CPU.Build.0 = Debug|Any CPU
		{5509C7B4-9493-4451-AA0B-F6FEF80FC407}.Release|Any CPU.ActiveCfg = Release|Any CPU
		{5509C7B4-9493-4451-AA0B-F6FEF80FC407}.Release|Any CPU.Build.0 = Release|Any CPU
		{22F729EF-0FD6-459E-AB91-02795C088353}.Debug|Any CPU.ActiveCfg = Debug|Any CPU
		{22F729EF-0FD6-459E-AB91-02795C088353}.Debug|Any CPU.Build.0 = Debug|Any CPU
		{22F729EF-0FD6-459E-AB91-02795C088353}.Release|Any CPU.ActiveCfg = Release|Any CPU
		{22F729EF-0FD6-459E-AB91-02795C088353}.Release|Any CPU.Build.0 = Release|Any CPU
		{A7E41378-009D-4D57-8785-7B8847E18633}.Debug|Any CPU.ActiveCfg = Debug|Any CPU
		{A7E41378-009D-4D57-8785-7B8847E18633}.Debug|Any CPU.Build.0 = Debug|Any CPU
		{A7E41378-009D-4D57-8785-7B8847E18633}.Release|Any CPU.ActiveCfg = Release|Any CPU
		{A7E41378-009D-4D57-8785-7B8847E18633}.Release|Any CPU.Build.0 = Release|Any CPU
		{6D8EC475-89BE-4AC1-B068-18672606E971}.Debug|Any CPU.ActiveCfg = Debug|Any CPU
		{6D8EC475-89BE-4AC1-B068-18672606E971}.Debug|Any CPU.Build.0 = Debug|Any CPU
		{6D8EC475-89BE-4AC1-B068-18672606E971}.Release|Any CPU.ActiveCfg = Release|Any CPU
		{6D8EC475-89BE-4AC1-B068-18672606E971}.Release|Any CPU.Build.0 = Release|Any CPU
		{280B3445-2512-4A2E-9960-15EEA7119B03}.Debug|Any CPU.ActiveCfg = Debug|Any CPU
		{280B3445-2512-4A2E-9960-15EEA7119B03}.Debug|Any CPU.Build.0 = Debug|Any CPU
		{280B3445-2512-4A2E-9960-15EEA7119B03}.Release|Any CPU.ActiveCfg = Release|Any CPU
		{280B3445-2512-4A2E-9960-15EEA7119B03}.Release|Any CPU.Build.0 = Release|Any CPU
		{8775D679-E571-42FE-9634-432B791008A3}.Debug|Any CPU.ActiveCfg = Debug|Any CPU
		{8775D679-E571-42FE-9634-432B791008A3}.Debug|Any CPU.Build.0 = Debug|Any CPU
		{8775D679-E571-42FE-9634-432B791008A3}.Release|Any CPU.ActiveCfg = Release|Any CPU
		{8775D679-E571-42FE-9634-432B791008A3}.Release|Any CPU.Build.0 = Release|Any CPU
		{E244A410-6A38-4F7D-832C-6DC03F9A4872}.Debug|Any CPU.ActiveCfg = Debug|Any CPU
		{E244A410-6A38-4F7D-832C-6DC03F9A4872}.Debug|Any CPU.Build.0 = Debug|Any CPU
		{E244A410-6A38-4F7D-832C-6DC03F9A4872}.Release|Any CPU.ActiveCfg = Release|Any CPU
		{E244A410-6A38-4F7D-832C-6DC03F9A4872}.Release|Any CPU.Build.0 = Release|Any CPU
		{04F50B5F-67E2-49B8-8963-EF5BB7ABD5DD}.Debug|Any CPU.ActiveCfg = Debug|Any CPU
		{04F50B5F-67E2-49B8-8963-EF5BB7ABD5DD}.Debug|Any CPU.Build.0 = Debug|Any CPU
		{04F50B5F-67E2-49B8-8963-EF5BB7ABD5DD}.Release|Any CPU.ActiveCfg = Release|Any CPU
		{04F50B5F-67E2-49B8-8963-EF5BB7ABD5DD}.Release|Any CPU.Build.0 = Release|Any CPU
	EndGlobalSection
	GlobalSection(NestedProjects) = preSolution
		{D88D2B72-9652-4809-B57F-2BD0D7F1D35E} = {36A88B30-230D-4338-9139-5F11A1A20FBF}
		{5509C7B4-9493-4451-AA0B-F6FEF80FC407} = {36A88B30-230D-4338-9139-5F11A1A20FBF}
		{C4C69B62-E5EB-4767-80F2-24DDC534E278} = {5D935BA3-CE4F-4B00-A6F0-D8FC08B35DCB}
		{22F729EF-0FD6-459E-AB91-02795C088353} = {36A88B30-230D-4338-9139-5F11A1A20FBF}
		{A7E41378-009D-4D57-8785-7B8847E18633} = {7EA063B0-8CA5-4AF5-8C13-83DDCF194103}
		{6D8EC475-89BE-4AC1-B068-18672606E971} = {7EA063B0-8CA5-4AF5-8C13-83DDCF194103}
		{280B3445-2512-4A2E-9960-15EEA7119B03} = {36A88B30-230D-4338-9139-5F11A1A20FBF}
		{8775D679-E571-42FE-9634-432B791008A3} = {7EA063B0-8CA5-4AF5-8C13-83DDCF194103}
		{E244A410-6A38-4F7D-832C-6DC03F9A4872} = {7EA063B0-8CA5-4AF5-8C13-83DDCF194103}
		{04F50B5F-67E2-49B8-8963-EF5BB7ABD5DD} = {7EA063B0-8CA5-4AF5-8C13-83DDCF194103}
	EndGlobalSection
EndGlobal
